
Microsoft Visual Studio Solution File, Format Version 10.00
# Visual Studio 2008
Project("{FAE04EC0-301F-11D3-BF4B-00C04F79EFBC}") = "Logger", "Logger\Logger.csproj", "{2B496E6E-307B-4A97-B9AC-2124E7CEFADD}"
EndProject
Global
	GlobalSection(SolutionConfigurationPlatforms) = preSolution
		Debug|Any CPU = Debug|Any CPU
		Release|Any CPU = Release|Any CPU
	EndGlobalSection
	GlobalSection(ProjectConfigurationPlatforms) = postSolution
		{2B496E6E-307B-4A97-B9AC-2124E7CEFADD}.Debug|Any CPU.ActiveCfg = Debug|Any CPU
		{2B496E6E-307B-4A97-B9AC-2124E7CEFADD}.Debug|Any CPU.Build.0 = Debug|Any CPU
		{2B496E6E-307B-4A97-B9AC-2124E7CEFADD}.Release|Any CPU.ActiveCfg = Release|Any CPU
		{2B496E6E-307B-4A97-B9AC-2124E7CEFADD}.Release|Any CPU.Build.0 = Release|Any CPU
	EndGlobalSection
	GlobalSection(SolutionProperties) = preSolution
		HideSolutionNode = FALSE
	EndGlobalSection
EndGlobal
